
Microsoft Visual Studio Solution File, Format Version 12.00
# Visual Studio Version 17
VisualStudioVersion = 17.2.32519.379
MinimumVisualStudioVersion = 10.0.40219.1
Project("{FAE04EC0-301F-11D3-BF4B-00C04F79EFBC}") = "kruskal_algo", "kruskal_algo\kruskal_algo.csproj", "{FD85E24B-C492-489D-AE9A-500D13BE8ABF}"
EndProject
Global
	GlobalSection(SolutionConfigurationPlatforms) = preSolution
		Debug|Any CPU = Debug|Any CPU
		Release|Any CPU = Release|Any CPU
	EndGlobalSection
	GlobalSection(ProjectConfigurationPlatforms) = postSolution
		{FD85E24B-C492-489D-AE9A-500D13BE8ABF}.Debug|Any CPU.ActiveCfg = Debug|Any CPU
		{FD85E24B-C492-489D-AE9A-500D13BE8ABF}.Debug|Any CPU.Build.0 = Debug|Any CPU
		{FD85E24B-C492-489D-AE9A-500D13BE8ABF}.Release|Any CPU.ActiveCfg = Release|Any CPU
		{FD85E24B-C492-489D-AE9A-500D13BE8ABF}.Release|Any CPU.Build.0 = Release|Any CPU
	EndGlobalSection
	GlobalSection(SolutionProperties) = preSolution
		HideSolutionNode = FALSE
	EndGlobalSection
	GlobalSection(ExtensibilityGlobals) = postSolution
		SolutionGuid = {DC48DD43-493C-4395-A3CB-6965D5FFAFF3}
	EndGlobalSection
EndGlobal
